{
  "name": "@webwriter/network",
  "version": "2.0.8",
  "lockfileVersion": 3,
  "requires": true,
  "packages": {
    "": {
      "name": "@webwriter/network",
      "version": "2.0.8",
      "license": "MIT",
      "dependencies": {
        "@lit/localize": "^0.12.2",
        "@shoelace-style/shoelace": "^2.16.0",
        "@types/cytoscape": "^3.21.7",
        "@webwriter/lit": "^2.1.8",
        "cytoscape": "^3.30.2",
        "cytoscape-compound-drag-and-drop": "^1.1.0",
        "cytoscape-context-menus": "^4.2.1",
        "cytoscape-edgehandles": "^4.0.1",
        "cytoscape-node-html-label": "^1.2.2",
        "lit": "^3.2.0"
      }
    },
    "node_modules/@ctrl/tinycolor": {
      "version": "4.2.0",
      "resolved": "https://registry.npmjs.org/@ctrl/tinycolor/-/tinycolor-4.2.0.tgz",
      "integrity": "sha512-kzyuwOAQnXJNLS9PSyrk0CWk35nWJW/zl/6KvnTBMFK65gm7U1/Z5BqjxeapjZCIhQcM/DsrEmcbRwDyXyXK4A==",
      "license": "MIT",
      "engines": {
        "node": ">=14"
      }
    },
    "node_modules/@floating-ui/core": {
      "version": "1.8.0",
      "resolved": "https://registry.npmjs.org/@floating-ui/core/-/core-1.8.0.tgz",
      "integrity": "sha512-0CIZ5itps/8x7BG8dEIhs53BvCUH2PCoogtakwRTut+Arm58sJooJ0AuZhLw2HJYIR5cMLNPBSS728sPho2khQ==",
      "license": "MIT",
      "dependencies": {
        "@floating-ui/utils": "^0.2.12"
      }
    },
    "node_modules/@floating-ui/dom": {
      "version": "1.8.0",
      "resolved": "https://registry.npmjs.org/@floating-ui/dom/-/dom-1.8.0.tgz",
      "integrity": "sha512-yXSrzeHZBTZadLOlfyhCkJHNeLJnHRnRInwdZ40L7ZiaAtrBwoYlsDrX3v5zB1Utk7CLfzcOVnVVWoXEky7Ceg==",
      "license": "MIT",
      "dependencies": {
        "@floating-ui/core": "^1.8.0",
        "@floating-ui/utils": "^0.2.12"
      }
    },
    "node_modules/@floating-ui/utils": {
      "version": "0.2.12",
      "resolved": "https://registry.npmjs.org/@floating-ui/utils/-/utils-0.2.12.tgz",
      "integrity": "sha512-HpCo8tmWzLVad5s2d19EhAz5zqrrQ6s69qd6moPMQvkOuSwDT1YgRfWSVuc4ennqrgv3OHppiOGMQ7oC13yIww==",
      "license": "MIT"
    },
    "node_modules/@lit-labs/ssr-dom-shim": {
      "version": "1.6.0",
      "resolved": "https://registry.npmjs.org/@lit-labs/ssr-dom-shim/-/ssr-dom-shim-1.6.0.tgz",
      "integrity": "sha512-VHb0ALPMTlgKjM6yIxxoQNnpKyUKLD04VzeQdsiXkMqkvYlAHxq9glGLmgbb889/1GsohSOAjvQYoiBppXFqrQ==",
      "license": "BSD-3-Clause"
    },
    "node_modules/@lit/localize": {
      "version": "0.12.2",
      "resolved": "https://registry.npmjs.org/@lit/localize/-/localize-0.12.2.tgz",
      "integrity": "sha512-Qv9kvgJKDq/JVSwXOxuWvQnnOBysHA99ti9im9a4fImCmx+fto+XXcUYQbjZHqiueEEc4V20PcRDPO+1g/6seQ==",
      "license": "BSD-3-Clause",
      "dependencies": {
        "lit": "^3.2.0"
      }
    },
    "node_modules/@lit/react": {
      "version": "1.0.8",
      "resolved": "https://registry.npmjs.org/@lit/react/-/react-1.0.8.tgz",
      "integrity": "sha512-p2+YcF+JE67SRX3mMlJ1TKCSTsgyOVdAwd/nxp3NuV1+Cb6MWALbN6nT7Ld4tpmYofcE5kcaSY1YBB9erY+6fw==",
      "license": "BSD-3-Clause",
      "peerDependencies": {
        "@types/react": "17 || 18 || 19"
      }
    },
    "node_modules/@lit/reactive-element": {
      "version": "2.1.2",
      "resolved": "https://registry.npmjs.org/@lit/reactive-element/-/reactive-element-2.1.2.tgz",
      "integrity": "sha512-pbCDiVMnne1lYUIaYNN5wrwQXDtHaYtg7YEFPeW+hws6U47WeFvISGUWekPGKWOP1ygrs0ef0o1VJMk1exos5A==",
      "license": "BSD-3-Clause",
      "dependencies": {
        "@lit-labs/ssr-dom-shim": "^1.5.0"
      }
    },
    "node_modules/@open-wc/dedupe-mixin": {
      "version": "2.0.1",
      "resolved": "https://registry.npmjs.org/@open-wc/dedupe-mixin/-/dedupe-mixin-2.0.1.tgz",
      "integrity": "sha512-+R4VxvceUxHAUJXJQipkkoV9fy10vNo+OnUnGKZnVmcwxMl460KLzytnUM4S35SI073R0yZQp9ra0MbPUwVcEA==",
      "license": "MIT"
    },
    "node_modules/@open-wc/scoped-elements": {
      "version": "3.0.10",
      "resolved": "https://registry.npmjs.org/@open-wc/scoped-elements/-/scoped-elements-3.0.10.tgz",
      "integrity": "sha512-esE95vxq6Y7w9/8H/oPvqN9QVR+ys3F9J2/ITyuTWnlSYaJueQmcS5CR5OybJMjjm9R5pmSoOe6Vau/O7J6d2g==",
      "license": "MIT",
      "dependencies": {
        "@open-wc/dedupe-mixin": "^2.0.0",
        "lit": "^3.0.0"
      }
    },
    "node_modules/@shoelace-style/animations": {
      "version": "1.2.0",
      "resolved": "https://registry.npmjs.org/@shoelace-style/animations/-/animations-1.2.0.tgz",
      "integrity": "sha512-avvo1xxkLbv2dgtabdewBbqcJfV0e0zCwFqkPMnHFGbJbBHorRFfMAHh1NG9ymmXn0jW95ibUVH03E1NYXD6Gw==",
      "license": "MIT",
      "funding": {
        "type": "individual",
        "url": "https://github.com/sponsors/claviska"
      }
    },
    "node_modules/@shoelace-style/localize": {
      "version": "3.2.3",
      "resolved": "https://registry.npmjs.org/@shoelace-style/localize/-/localize-3.2.3.tgz",
      "integrity": "sha512-pWoZywizMilenLfQcpE9bjaqi7WKiQXJB42cxvmSPwYS76U776wJ7B5QQ0P28yVit1vpHuFZzq1CtfVFv32jaQ==",
      "license": "MIT"
    },
    "node_modules/@shoelace-style/shoelace": {
      "version": "2.20.1",
      "resolved": "https://registry.npmjs.org/@shoelace-style/shoelace/-/shoelace-2.20.1.tgz",
      "integrity": "sha512-FSghU95jZPGbwr/mybVvk66qRZYpx5FkXL+vLNpy1Vp8UsdwSxXjIHE3fsvMbKWTKi9UFfewHTkc5e7jAqRYoQ==",
      "license": "MIT",
      "dependencies": {
        "@ctrl/tinycolor": "^4.1.0",
        "@floating-ui/dom": "^1.6.12",
        "@lit/react": "^1.0.6",
        "@shoelace-style/animations": "^1.2.0",
        "@shoelace-style/localize": "^3.2.1",
        "composed-offset-position": "^0.0.6",
        "lit": "^3.2.1",
        "qr-creator": "^1.0.0"
      },
      "engines": {
        "node": ">=14.17.0"
      },
      "funding": {
        "type": "individual",
        "url": "https://github.com/sponsors/claviska"
      }
    },
    "node_modules/@types/cytoscape": {
      "version": "3.21.9",
      "resolved": "https://registry.npmjs.org/@types/cytoscape/-/cytoscape-3.21.9.tgz",
      "integrity": "sha512-JyrG4tllI6jvuISPjHK9j2Xv/LTbnLekLke5otGStjFluIyA9JjgnvgZrSBsp8cEDpiTjwgZUZwpPv8TSBcoLw==",
      "license": "MIT"
    },
    "node_modules/@types/react": {
      "version": "19.2.18",
      "resolved": "https://registry.npmjs.org/@types/react/-/react-19.2.18.tgz",
      "integrity": "sha512-AnzbBERsrLKtk2XSfTbYRLjQPdy116Sty4q+T+Bp3IC4l6jNBvreVPAHmpq9qhXQM7CXZPjLVmGMw9sy+hxQ3w==",
      "license": "MIT",
      "peer": true,
      "dependencies": {
        "csstype": "^3.2.2"
      }
    },
    "node_modules/@types/trusted-types": {
      "version": "2.0.7",
      "resolved": "https://registry.npmjs.org/@types/trusted-types/-/trusted-types-2.0.7.tgz",
      "integrity": "sha512-ScaPdn1dQczgbl0QFTeTOmVHFULt394XJgOQNoyVhZ6r2vLnMLJfBPd53SB52T/3G36VI1/g2MZaX0cwDuXsfw==",
      "license": "MIT"
    },
    "node_modules/@webwriter/lit": {
      "version": "2.2.0",
      "resolved": "https://registry.npmjs.org/@webwriter/lit/-/lit-2.2.0.tgz",
      "integrity": "sha512-/q88oFeqJWykF3IUfvIVI0amXnkLxqg3+Tm8JywHvlV8GVJRqq1DaFcZ5GRJfpoA7PdD7prWM3ZAw2crMuMh+w==",
      "license": "MIT",
      "dependencies": {
        "@open-wc/scoped-elements": "^3.0.5"
      },
      "peerDependencies": {
        "lit": "^3.3.0"
      }
    },
    "node_modules/composed-offset-position": {
      "version": "0.0.6",
      "resolved": "https://registry.npmjs.org/composed-offset-position/-/composed-offset-position-0.0.6.tgz",
      "integrity": "sha512-Q7dLompI6lUwd7LWyIcP66r4WcS9u7AL2h8HaeipiRfCRPLMWqRx8fYsjb4OHi6UQFifO7XtNC2IlEJ1ozIFxw==",
      "license": "MIT",
      "peerDependencies": {
        "@floating-ui/utils": "^0.2.5"
      }
    },
    "node_modules/csstype": {
      "version": "3.2.3",
      "resolved": "https://registry.npmjs.org/csstype/-/csstype-3.2.3.tgz",
      "integrity": "sha512-z1HGKcYy2xA8AGQfwrn0PAy+PB7X/GSj3UVJW9qKyn43xWa+gl5nXmU4qqLMRzWVLFC8KusUX8T/0kCiOYpAIQ==",
      "license": "MIT",
      "peer": true
    },
    "node_modules/cytoscape": {
      "version": "3.34.3",
      "resolved": "https://registry.npmjs.org/cytoscape/-/cytoscape-3.34.3.tgz",
      "integrity": "sha512-yfYGhRcGAntq6YBD583j4n0Eg3jIxvWmZtz/5uz9UYkeIStSlMxuUja+ec5j3iBD8nv1rwaOAYMW09tBdkSeaQ==",
      "license": "MIT",
      "engines": {
        "node": ">=0.10"
      }
    },
    "node_modules/cytoscape-compound-drag-and-drop": {
      "version": "1.1.0",
      "resolved": "https://registry.npmjs.org/cytoscape-compound-drag-and-drop/-/cytoscape-compound-drag-and-drop-1.1.0.tgz",
      "integrity": "sha512-UIObjFbgh0FyVxNk2wInlhXhWDoR86n9gw34o7n8T3GYPR2d5yWVQsNYZrvPYZ0YQHdkUcZQetaUTE4zY/1olg==",
      "license": "MIT",
      "peerDependencies": {
        "cytoscape": "^3.4.0"
      }
    },
    "node_modules/cytoscape-context-menus": {
      "version": "4.2.1",
      "resolved": "https://registry.npmjs.org/cytoscape-context-menus/-/cytoscape-context-menus-4.2.1.tgz",
      "integrity": "sha512-h0dXq/DGIQUegC+mncawzFT+zV52I5dxME3fDLqO6cd5pYfx9U+u2YZjn29z8YfRjvayBtsxpD6JUvgiH1ZdaQ==",
      "license": "MIT",
      "peerDependencies": {
        "cytoscape": "^2.7.0 || ^3.0.0"
      }
    },
    "node_modules/cytoscape-edgehandles": {
      "version": "4.0.1",
      "resolved": "https://registry.npmjs.org/cytoscape-edgehandles/-/cytoscape-edgehandles-4.0.1.tgz",
      "integrity": "sha512-uSYshkqRZ4luCxK295bEVTg46q4ZW+fwJhcIzMrtfNR7zeAnJ38Z48kUGeu5ibtXkgLbcZAg0YE4ED2dRuaePg==",
      "license": "MIT",
      "dependencies": {
        "lodash.memoize": "^4.1.2",
        "lodash.throttle": "^4.1.1"
      },
      "peerDependencies": {
        "cytoscape": "^3.2.0"
      }
    },
    "node_modules/cytoscape-node-html-label": {
      "version": "1.2.2",
      "resolved": "https://registry.npmjs.org/cytoscape-node-html-label/-/cytoscape-node-html-label-1.2.2.tgz",
      "integrity": "sha512-oUVwrlsIlaJJ8QrQFSMdv3uXVXPg6tMH/Tfofr8JuZIovqI4fPqBi6sQgCMcVpS6k9Td0TTjowBsNRw32CESWg==",
      "license": "MIT",
      "peerDependencies": {
        "@types/cytoscape": "^3.1.0",
        "cytoscape": "^3.0.0"
      },
      "peerDependenciesMeta": {
        "@types/cytoscape": {
          "optional": true
        }
      }
    },
    "node_modules/lit": {
      "version": "3.3.3",
      "resolved": "https://registry.npmjs.org/lit/-/lit-3.3.3.tgz",
      "integrity": "sha512-fycuvZg/hkpozL00lm1pEJH5nN/lr9ZXd6mJI2HSN4+Bzc+LDNdEApJ6HFbPkdFNHLvOplIIuJvxkS4XUxqirw==",
      "license": "BSD-3-Clause",
      "dependencies": {
        "@lit/reactive-element": "^2.1.0",
        "lit-element": "^4.2.0",
        "lit-html": "^3.3.0"
      }
    },
    "node_modules/lit-element": {
      "version": "4.2.2",
      "resolved": "https://registry.npmjs.org/lit-element/-/lit-element-4.2.2.tgz",
      "integrity": "sha512-aFKhNToWxoyhkNDmWZwEva2SlQia+jfG0fjIWV//YeTaWrVnOxD89dPKfigCUspXFmjzOEUQpOkejH5Ly6sG0w==",
      "license": "BSD-3-Clause",
      "dependencies": {
        "@lit-labs/ssr-dom-shim": "^1.5.0",
        "@lit/reactive-element": "^2.1.0",
        "lit-html": "^3.3.0"
      }
    },
    "node_modules/lit-html": {
      "version": "3.3.3",
      "resolved": "https://registry.npmjs.org/lit-html/-/lit-html-3.3.3.tgz",
      "integrity": "sha512-el8M6jK2o3RXBnrSHX3ZKrsN8zEV63pSExTO1wYJz7QndGYZ8353e2a5PPX+qHe2aGayfnchQmkAojaWAREOIA==",
      "license": "BSD-3-Clause",
      "dependencies": {
        "@types/trusted-types": "^2.0.2"
      }
    },
    "node_modules/lodash.memoize": {
      "version": "4.1.2",
      "resolved": "https://registry.npmjs.org/lodash.memoize/-/lodash.memoize-4.1.2.tgz",
      "integrity": "sha512-t7j+NzmgnQzTAYXcsHYLgimltOV1MXHtlOWf6GjL9Kj8GK5FInw5JotxvbOs+IvV1/Dzo04/fCGfLVs7aXb4Ag==",
      "license": "MIT"
    },
    "node_modules/lodash.throttle": {
      "version": "4.1.1",
      "resolved": "https://registry.npmjs.org/lodash.throttle/-/lodash.throttle-4.1.1.tgz",
      "integrity": "sha512-wIkUCfVKpVsWo3JSZlc+8MB5it+2AN5W8J7YVMST30UrvcQNZ1Okbj+rbVniijTWE6FGYy4XJq/rHkas8qJMLQ==",
      "license": "MIT"
    },
    "node_modules/qr-creator": {
      "version": "1.0.0",
      "resolved": "https://registry.npmjs.org/qr-creator/-/qr-creator-1.0.0.tgz",
      "integrity": "sha512-C0cqfbS1P5hfqN4NhsYsUXePlk9BO+a45bAQ3xLYjBL3bOIFzoVEjs79Fado9u9BPBD3buHi3+vY+C8tHh4qMQ==",
      "license": "MIT"
    }
  }
}
